# This file is automatically @generated by Cargo.
# It is not intended for manual editing.
version = 4

[[package]]
name = "aoc2025"
version = "0.1.0"
dependencies = [
 "i_overlay",
]

[[package]]
name = "i_float"
version = "1.15.0"
source = "registry+https://github.com/rust-lang/crates.io-index"
checksum = "010025c2c532c8d82e42d0b8bb5184afa449fa6f06c709ea9adcb16c49ae405b"
dependencies = [
 "libm",
]

[[package]]
name = "i_key_sort"
version = "0.10.1"
source = "registry+https://github.com/rust-lang/crates.io-index"
checksum = "3c4d36ff9fb73dc62e163e25a07523ca5c2126660fb2485cdecf063e59b58f29"

[[package]]
name = "i_overlay"
version = "4.1.1"
source = "registry+https://github.com/rust-lang/crates.io-index"
checksum = "1e9761a998d0954125b9788c3dcdf3dd9bc0308655948158fcc4da9dbe75f385"
dependencies = [
 "i_float",
 "i_key_sort",
 "i_shape",
 "i_tree",
]

[[package]]
name = "i_shape"
version = "1.14.0"
source = "registry+https://github.com/rust-lang/crates.io-index"
checksum = "1ea154b742f7d43dae2897fcd5ead86bc7b5eefcedd305a7ebf9f69d44d61082"
dependencies = [
 "i_float",
]

[[package]]
name = "i_tree"
version = "0.16.0"
source = "registry+https://github.com/rust-lang/crates.io-index"
checksum = "35e6d558e6d4c7b82bc51d9c771e7a927862a161a7d87bf2b0541450e0e20915"

[[package]]
name = "libm"
version = "0.2.15"
source = "registry+https://github.com/rust-lang/crates.io-index"
checksum = "f9fbbcab51052fe104eb5e5d351cf728d30a5be1fe14d9be8a3b097481fb97de"
